// !$*UTF8*$!
{
	archiveVersion = 1;
	classes = {
	};
	objectVersion = 50;
	objects = {

/* Begin PBXBuildFile section */
		B9929700222C2E940028D30A /* GradientView.swift in Sources */ = {isa = PBXBuildFile; fileRef = B99296FF222C2E940028D30A /* GradientView.swift */; };
		B9929702222C30130028D30A /* AvatarImageView.swift in Sources */ = {isa = PBXBuildFile; fileRef = B9929701222C30130028D30A /* AvatarImageView.swift */; };
		B9929704222C36AC0028D30A /* LikeView.swift in Sources */ = {isa = PBXBuildFile; fileRef = B9929703222C36AC0028D30A /* LikeView.swift */; };
		B9AE9E9021FF7ECA0007C48E /* AppDelegate.swift in Sources */ = {isa = PBXBuildFile; fileRef = B9AE9E8F21FF7ECA0007C48E /* AppDelegate.swift */; };
		B9AE9E9521FF7ECA0007C48E /* Main.storyboard in Resources */ = {isa = PBXBuildFile; fileRef = B9AE9E9321FF7ECA0007C48E /* Main.storyboard */; };
		B9AE9E9721FF7ECB0007C48E /* Assets.xcassets in Resources */ = {isa = PBXBuildFile; fileRef = B9AE9E9621FF7ECB0007C48E /* Assets.xcassets */; };
		B9AE9E9A21FF7ECB0007C48E /* LaunchScreen.storyboard in Resources */ = {isa = PBXBuildFile; fileRef = B9AE9E9821FF7ECB0007C48E /* LaunchScreen.storyboard */; };
		B9AE9EA221FF7F230007C48E /* LoginFormController.swift in Sources */ = {isa = PBXBuildFile; fileRef = B9AE9EA121FF7F230007C48E /* LoginFormController.swift */; };
		B9AE9EB42200C3520007C48E /* MyFriendsController.swift in Sources */ = {isa = PBXBuildFile; fileRef = B9AE9EB32200C3520007C48E /* MyFriendsController.swift */; };
		B9AE9EB62200C36F0007C48E /* MyFriendsCell.swift in Sources */ = {isa = PBXBuildFile; fileRef = B9AE9EB52200C36F0007C48E /* MyFriendsCell.swift */; };
		B9AE9EBA2200C3BC0007C48E /* MyFriendsPhotoController.swift in Sources */ = {isa = PBXBuildFile; fileRef = B9AE9EB92200C3BC0007C48E /* MyFriendsPhotoController.swift */; };
		B9AE9EBC2200C3FC0007C48E /* MyFriendsPhotoCell.swift in Sources */ = {isa = PBXBuildFile; fileRef = B9AE9EBB2200C3FC0007C48E /* MyFriendsPhotoCell.swift */; };
		B9AE9EC12200C4920007C48E /* MyGroupsController.swift in Sources */ = {isa = PBXBuildFile; fileRef = B9AE9EC02200C4920007C48E /* MyGroupsController.swift */; };
		B9AE9EC32200C4A80007C48E /* MyGroupsCell.swift in Sources */ = {isa = PBXBuildFile; fileRef = B9AE9EC22200C4A80007C48E /* MyGroupsCell.swift */; };
		B9AE9EC52200C4C00007C48E /* AllGroupsController.swift in Sources */ = {isa = PBXBuildFile; fileRef = B9AE9EC42200C4C00007C48E /* AllGroupsController.swift */; };
		B9AE9EC72200C4DB0007C48E /* AllGroupsCell.swift in Sources */ = {isa = PBXBuildFile; fileRef = B9AE9EC62200C4DB0007C48E /* AllGroupsCell.swift */; };
		B9C836B3223FFC0C00BF3919 /* NewsViewController.swift in Sources */ = {isa = PBXBuildFile; fileRef = B9C836B2223FFC0C00BF3919 /* NewsViewController.swift */; };
		B9C836B5223FFC2D00BF3919 /* NewsViewCell.swift in Sources */ = {isa = PBXBuildFile; fileRef = B9C836B4223FFC2D00BF3919 /* NewsViewCell.swift */; };
/* End PBXBuildFile section */

/* Begin PBXFileReference section */
		B99296FF222C2E940028D30A /* GradientView.swift */ = {isa = PBXFileReference; lastKnownFileType = sourcecode.swift; path = GradientView.swift; sourceTree = "<group>"; };
		B9929701222C30130028D30A /* AvatarImageView.swift */ = {isa = PBXFileReference; lastKnownFileType = sourcecode.swift; path = AvatarImageView.swift; sourceTree = "<group>"; };
		B9929703222C36AC0028D30A /* LikeView.swift */ = {isa = PBXFileReference; lastKnownFileType = sourcecode.swift; path = LikeView.swift; sourceTree = "<group>"; };
		B9AE9E8C21FF7ECA0007C48E /* AnotherVKApp.app */ = {isa = PBXFileReference; explicitFileType = wrapper.application; includeInIndex = 0; path = AnotherVKApp.app; sourceTree = BUILT_PRODUCTS_DIR; };
		B9AE9E8F21FF7ECA0007C48E /* AppDelegate.swift */ = {isa = PBXFileReference; lastKnownFileType = sourcecode.swift; path = AppDelegate.swift; sourceTree = "<group>"; };
		B9AE9E9421FF7ECA0007C48E /* Base */ = {isa = PBXFileReference; lastKnownFileType = file.storyboard; name = Base; path = Base.lproj/Main.storyboard; sourceTree = "<group>"; };
		B9AE9E9621FF7ECB0007C48E /* Assets.xcassets */ = {isa = PBXFileReference; lastKnownFileType = folder.assetcatalog; path = Assets.xcassets; sourceTree = "<group>"; };
		B9AE9E9921FF7ECB0007C48E /* Base */ = {isa = PBXFileReference; lastKnownFileType = file.storyboard; name = Base; path = Base.lproj/LaunchScreen.storyboard; sourceTree = "<group>"; };
		B9AE9E9B21FF7ECB0007C48E /* Info.plist */ = {isa = PBXFileReference; lastKnownFileType = text.plist.xml; path = Info.plist; sourceTree = "<group>"; };
		B9AE9EA121FF7F230007C48E /* LoginFormController.swift */ = {isa = PBXFileReference; lastKnownFileType = sourcecode.swift; path = LoginFormController.swift; sourceTree = "<group>"; };
		B9AE9EB32200C3520007C48E /* MyFriendsController.swift */ = {isa = PBXFileReference; lastKnownFileType = sourcecode.swift; path = MyFriendsController.swift; sourceTree = "<group>"; };
		B9AE9EB52200C36F0007C48E /* MyFriendsCell.swift */ = {isa = PBXFileReference; lastKnownFileType = sourcecode.swift; path = MyFriendsCell.swift; sourceTree = "<group>"; };
		B9AE9EB92200C3BC0007C48E /* MyFriendsPhotoController.swift */ = {isa = PBXFileReference; lastKnownFileType = sourcecode.swift; path = MyFriendsPhotoController.swift; sourceTree = "<group>"; };
		B9AE9EBB2200C3FC0007C48E /* MyFriendsPhotoCell.swift */ = {isa = PBXFileReference; lastKnownFileType = sourcecode.swift; path = MyFriendsPhotoCell.swift; sourceTree = "<group>"; };
		B9AE9EC02200C4920007C48E /* MyGroupsController.swift */ = {isa = PBXFileReference; lastKnownFileType = sourcecode.swift; path = MyGroupsController.swift; sourceTree = "<group>"; };
		B9AE9EC22200C4A80007C48E /* MyGroupsCell.swift */ = {isa = PBXFileReference; lastKnownFileType = sourcecode.swift; path = MyGroupsCell.swift; sourceTree = "<group>"; };
		B9AE9EC42200C4C00007C48E /* AllGroupsController.swift */ = {isa = PBXFileReference; lastKnownFileType = sourcecode.swift; path = AllGroupsController.swift; sourceTree = "<group>"; };
		B9AE9EC62200C4DB0007C48E /* AllGroupsCell.swift */ = {isa = PBXFileReference; lastKnownFileType = sourcecode.swift; path = AllGroupsCell.swift; sourceTree = "<group>"; };
		B9C836B2223FFC0C00BF3919 /* NewsViewController.swift */ = {isa = PBXFileReference; lastKnownFileType = sourcecode.swift; path = NewsViewController.swift; sourceTree = "<group>"; };
		B9C836B4223FFC2D00BF3919 /* NewsViewCell.swift */ = {isa = PBXFileReference; lastKnownFileType = sourcecode.swift; path = NewsViewCell.swift; sourceTree = "<group>"; };
/* End PBXFileReference section */

/* Begin PBXFrameworksBuildPhase section */
		B9AE9E8921FF7ECA0007C48E /* Frameworks */ = {
			isa = PBXFrameworksBuildPhase;
			buildActionMask = 2147483647;
			files = (
			);
			runOnlyForDeploymentPostprocessing = 0;
		};
/* End PBXFrameworksBuildPhase section */

/* Begin PBXGroup section */
		B99296FE222C2E700028D30A /* CustomUIComponents */ = {
			isa = PBXGroup;
			children = (
				B99296FF222C2E940028D30A /* GradientView.swift */,
				B9929701222C30130028D30A /* AvatarImageView.swift */,
				B9929703222C36AC0028D30A /* LikeView.swift */,
			);
			path = CustomUIComponents;
			sourceTree = "<group>";
		};
		B9AE9E8321FF7ECA0007C48E = {
			isa = PBXGroup;
			children = (
				B9AE9E8E21FF7ECA0007C48E /* AnotherVKApp */,
				B9AE9E8D21FF7ECA0007C48E /* Products */,
			);
			sourceTree = "<group>";
		};
		B9AE9E8D21FF7ECA0007C48E /* Products */ = {
			isa = PBXGroup;
			children = (
				B9AE9E8C21FF7ECA0007C48E /* AnotherVKApp.app */,
			);
			name = Products;
			sourceTree = "<group>";
		};
		B9AE9E8E21FF7ECA0007C48E /* AnotherVKApp */ = {
			isa = PBXGroup;
			children = (
				B9C836AD223FF3D500BF3919 /* News */,
				B99296FE222C2E700028D30A /* CustomUIComponents */,
				B9AE9EBF2200C45E0007C48E /* Groups */,
				B9AE9EBE2200C43F0007C48E /* Friends */,
				B9AE9E8F21FF7ECA0007C48E /* AppDelegate.swift */,
				B9AE9E9321FF7ECA0007C48E /* Main.storyboard */,
				B9AE9E9621FF7ECB0007C48E /* Assets.xcassets */,
				B9AE9E9821FF7ECB0007C48E /* LaunchScreen.storyboard */,
				B9AE9E9B21FF7ECB0007C48E /* Info.plist */,
				B9AE9EA121FF7F230007C48E /* LoginFormController.swift */,
			);
			path = AnotherVKApp;
			sourceTree = "<group>";
		};
		B9AE9EB22200C3110007C48E /* MyFriends */ = {
			isa = PBXGroup;
			children = (
				B9AE9EB82200C38A0007C48E /* MyFriendsPhoto */,
				B9AE9EB32200C3520007C48E /* MyFriendsController.swift */,
				B9AE9EB52200C36F0007C48E /* MyFriendsCell.swift */,
			);
			path = MyFriends;
			sourceTree = "<group>";
		};
		B9AE9EB72200C3760007C48E /* MyGroups */ = {
			isa = PBXGroup;
			children = (
				B9AE9EC02200C4920007C48E /* MyGroupsController.swift */,
				B9AE9EC22200C4A80007C48E /* MyGroupsCell.swift */,
			);
			path = MyGroups;
			sourceTree = "<group>";
		};
		B9AE9EB82200C38A0007C48E /* MyFriendsPhoto */ = {
			isa = PBXGroup;
			children = (
				B9AE9EB92200C3BC0007C48E /* MyFriendsPhotoController.swift */,
				B9AE9EBB2200C3FC0007C48E /* MyFriendsPhotoCell.swift */,
			);
			path = MyFriendsPhoto;
			sourceTree = "<group>";
		};
		B9AE9EBD2200C4280007C48E /* AllGroups */ = {
			isa = PBXGroup;
			children = (
				B9AE9EC42200C4C00007C48E /* AllGroupsController.swift */,
				B9AE9EC62200C4DB0007C48E /* AllGroupsCell.swift */,
			);
			path = AllGroups;
			sourceTree = "<group>";
		};
		B9AE9EBE2200C43F0007C48E /* Friends */ = {
			isa = PBXGroup;
			children = (
				B9AE9EB22200C3110007C48E /* MyFriends */,
			);
			path = Friends;
			sourceTree = "<group>";
		};
		B9AE9EBF2200C45E0007C48E /* Groups */ = {
			isa = PBXGroup;
			children = (
				B9AE9EBD2200C4280007C48E /* AllGroups */,
				B9AE9EB72200C3760007C48E /* MyGroups */,
			);
			path = Groups;
			sourceTree = "<group>";
		};
		B9C836AD223FF3D500BF3919 /* News */ = {
			isa = PBXGroup;
			children = (
				B9C836B2223FFC0C00BF3919 /* NewsViewController.swift */,
				B9C836B4223FFC2D00BF3919 /* NewsViewCell.swift */,
			);
			path = News;
			sourceTree = "<group>";
		};
/* End PBXGroup section */

/* Begin PBXNativeTarget section */
		B9AE9E8B21FF7ECA0007C48E /* AnotherVKApp */ = {
			isa = PBXNativeTarget;
			buildConfigurationList = B9AE9E9E21FF7ECB0007C48E /* Build configuration list for PBXNativeTarget "AnotherVKApp" */;
			buildPhases = (
				B9AE9E8821FF7ECA0007C48E /* Sources */,
				B9AE9E8921FF7ECA0007C48E /* Frameworks */,
				B9AE9E8A21FF7ECA0007C48E /* Resources */,
			);
			buildRules = (
			);
			dependencies = (
			);
			name = AnotherVKApp;
			productName = AnotherVKApp;
			productReference = B9AE9E8C21FF7ECA0007C48E /* AnotherVKApp.app */;
			productType = "com.apple.product-type.application";
		};
/* End PBXNativeTarget section */

/* Begin PBXProject section */
		B9AE9E8421FF7ECA0007C48E /* Project object */ = {
			isa = PBXProject;
			attributes = {
				LastSwiftUpdateCheck = 1010;
				LastUpgradeCheck = 1010;
				ORGANIZATIONNAME = "Андрей Понамарчук";
				TargetAttributes = {
					B9AE9E8B21FF7ECA0007C48E = {
						CreatedOnToolsVersion = 10.1;
						LastSwiftMigration = 1020;
					};
				};
			};
			buildConfigurationList = B9AE9E8721FF7ECA0007C48E /* Build configuration list for PBXProject "AnotherVKApp" */;
			compatibilityVersion = "Xcode 9.3";
			developmentRegion = en;
			hasScannedForEncodings = 0;
			knownRegions = (
				en,
				Base,
			);
			mainGroup = B9AE9E8321FF7ECA0007C48E;
			productRefGroup = B9AE9E8D21FF7ECA0007C48E /* Products */;
			projectDirPath = "";
			projectRoot = "";
			targets = (
				B9AE9E8B21FF7ECA0007C48E /* AnotherVKApp */,
			);
		};
/* End PBXProject section */

/* Begin PBXResourcesBuildPhase section */
		B9AE9E8A21FF7ECA0007C48E /* Resources */ = {
			isa = PBXResourcesBuildPhase;
			buildActionMask = 2147483647;
			files = (
				B9AE9E9A21FF7ECB0007C48E /* LaunchScreen.storyboard in Resources */,
				B9AE9E9721FF7ECB0007C48E /* Assets.xcassets in Resources */,
				B9AE9E9521FF7ECA0007C48E /* Main.storyboard in Resources */,
			);
			runOnlyForDeploymentPostprocessing = 0;
		};
/* End PBXResourcesBuildPhase section */

/* Begin PBXSourcesBuildPhase section */
		B9AE9E8821FF7ECA0007C48E /* Sources */ = {
			isa = PBXSourcesBuildPhase;
			buildActionMask = 2147483647;
			files = (
				B9AE9E9021FF7ECA0007C48E /* AppDelegate.swift in Sources */,
				B9AE9EBA2200C3BC0007C48E /* MyFriendsPhotoController.swift in Sources */,
				B9929700222C2E940028D30A /* GradientView.swift in Sources */,
				B9929704222C36AC0028D30A /* LikeView.swift in Sources */,
				B9AE9EB42200C3520007C48E /* MyFriendsController.swift in Sources */,
				B9AE9EC72200C4DB0007C48E /* AllGroupsCell.swift in Sources */,
				B9AE9EC32200C4A80007C48E /* MyGroupsCell.swift in Sources */,
				B9AE9EA221FF7F230007C48E /* LoginFormController.swift in Sources */,
				B9AE9EBC2200C3FC0007C48E /* MyFriendsPhotoCell.swift in Sources */,
				B9AE9EC52200C4C00007C48E /* AllGroupsController.swift in Sources */,
				B9929702222C30130028D30A /* AvatarImageView.swift in Sources */,
				B9C836B3223FFC0C00BF3919 /* NewsViewController.swift in Sources */,
				B9C836B5223FFC2D00BF3919 /* NewsViewCell.swift in Sources */,
				B9AE9EC12200C4920007C48E /* MyGroupsController.swift in Sources */,
				B9AE9EB62200C36F0007C48E /* MyFriendsCell.swift in Sources */,
			);
			runOnlyForDeploymentPostprocessing = 0;
		};
/* End PBXSourcesBuildPhase section */

/* Begin PBXVariantGroup section */
		B9AE9E9321FF7ECA0007C48E /* Main.storyboard */ = {
			isa = PBXVariantGroup;
			children = (
				B9AE9E9421FF7ECA0007C48E /* Base */,
			);
			name = Main.storyboard;
			sourceTree = "<group>";
		};
		B9AE9E9821FF7ECB0007C48E /* LaunchScreen.storyboard */ = {
			isa = PBXVariantGroup;
			children = (
				B9AE9E9921FF7ECB0007C48E /* Base */,
			);
			name = LaunchScreen.storyboard;
			sourceTree = "<group>";
		};
/* End PBXVariantGroup section */

/* Begin XCBuildConfiguration section */
		B9AE9E9C21FF7ECB0007C48E /* Debug */ = {
			isa = XCBuildConfiguration;
			buildSettings = {
				ALWAYS_SEARCH_USER_PATHS = NO;
				CLANG_ANALYZER_NONNULL = YES;
				CLANG_ANALYZER_NUMBER_OBJECT_CONVERSION = YES_AGGRESSIVE;
				CLANG_CXX_LANGUAGE_STANDARD = "gnu++14";
				CLANG_CXX_LIBRARY = "libc++";
				CLANG_ENABLE_MODULES = YES;
				CLANG_ENABLE_OBJC_ARC = YES;
				CLANG_ENABLE_OBJC_WEAK = YES;
				CLANG_WARN_BLOCK_CAPTURE_AUTORELEASING = YES;
				CLANG_WARN_BOOL_CONVERSION = YES;
				CLANG_WARN_COMMA = YES;
				CLANG_WARN_CONSTANT_CONVERSION = YES;
				CLANG_WARN_DEPRECATED_OBJC_IMPLEMENTATIONS = YES;
				CLANG_WARN_DIRECT_OBJC_ISA_USAGE = YES_ERROR;
				CLANG_WARN_DOCUMENTATION_COMMENTS = YES;
				CLANG_WARN_EMPTY_BODY = YES;
				CLANG_WARN_ENUM_CONVERSION = YES;
				CLANG_WARN_INFINITE_RECURSION = YES;
				CLANG_WARN_INT_CONVERSION = YES;
				CLANG_WARN_NON_LITERAL_NULL_CONVERSION = YES;
				CLANG_WARN_OBJC_IMPLICIT_RETAIN_SELF = YES;
				CLANG_WARN_OBJC_LITERAL_CONVERSION = YES;
				CLANG_WARN_OBJC_ROOT_CLASS = YES_ERROR;
				CLANG_WARN_RANGE_LOOP_ANALYSIS = YES;
				CLANG_WARN_STRICT_PROTOTYPES = YES;
				CLANG_WARN_SUSPICIOUS_MOVE = YES;
				CLANG_WARN_UNGUARDED_AVAILABILITY = YES_AGGRESSIVE;
				CLANG_WARN_UNREACHABLE_CODE = YES;
				CLANG_WARN__DUPLICATE_METHOD_MATCH = YES;
				CODE_SIGN_IDENTITY = "iPhone Developer";
				COPY_PHASE_STRIP = NO;
				DEBUG_INFORMATION_FORMAT = dwarf;
				ENABLE_STRICT_OBJC_MSGSEND = YES;
				ENABLE_TESTABILITY = YES;
				GCC_C_LANGUAGE_STANDARD = gnu11;
				GCC_DYNAMIC_NO_PIC = NO;
				GCC_NO_COMMON_BLOCKS = YES;
				GCC_OPTIMIZATION_LEVEL = 0;
				GCC_PREPROCESSOR_DEFINITIONS = (
					"DEBUG=1",
					"$(inherited)",
				);
				GCC_WARN_64_TO_32_BIT_CONVERSION = YES;
				GCC_WARN_ABOUT_RETURN_TYPE = YES_ERROR;
				GCC_WARN_UNDECLARED_SELECTOR = YES;
				GCC_WARN_UNINITIALIZED_AUTOS = YES_AGGRESSIVE;
				GCC_WARN_UNUSED_FUNCTION = YES;
				GCC_WARN_UNUSED_VARIABLE = YES;
				IPHONEOS_DEPLOYMENT_TARGET = 12.1;
				MTL_ENABLE_DEBUG_INFO = INCLUDE_SOURCE;
				MTL_FAST_MATH = YES;
				ONLY_ACTIVE_ARCH = YES;
				SDKROOT = iphoneos;
				SWIFT_ACTIVE_COMPILATION_CONDITIONS = DEBUG;
				SWIFT_OPTIMIZATION_LEVEL = "-Onone";
			};
			name = Debug;
		};
		B9AE9E9D21FF7ECB0007C48E /* Release */ = {
			isa = XCBuildConfiguration;
			buildSettings = {
				ALWAYS_SEARCH_USER_PATHS = NO;
				CLANG_ANALYZER_NONNULL = YES;
				CLANG_ANALYZER_NUMBER_OBJECT_CONVERSION = YES_AGGRESSIVE;
				CLANG_CXX_LANGUAGE_STANDARD = "gnu++14";
				CLANG_CXX_LIBRARY = "libc++";
				CLANG_ENABLE_MODULES = YES;
				CLANG_ENABLE_OBJC_ARC = YES;
				CLANG_ENABLE_OBJC_WEAK = YES;
				CLANG_WARN_BLOCK_CAPTURE_AUTORELEASING = YES;
				CLANG_WARN_BOOL_CONVERSION = YES;
				CLANG_WARN_COMMA = YES;
				CLANG_WARN_CONSTANT_CONVERSION = YES;
				CLANG_WARN_DEPRECATED_OBJC_IMPLEMENTATIONS = YES;
				CLANG_WARN_DIRECT_OBJC_ISA_USAGE = YES_ERROR;
				CLANG_WARN_DOCUMENTATION_COMMENTS = YES;
				CLANG_WARN_EMPTY_BODY = YES;
				CLANG_WARN_ENUM_CONVERSION = YES;
				CLANG_WARN_INFINITE_RECURSION = YES;
				CLANG_WARN_INT_CONVERSION = YES;
				CLANG_WARN_NON_LITERAL_NULL_CONVERSION = YES;
				CLANG_WARN_OBJC_IMPLICIT_RETAIN_SELF = YES;
				CLANG_WARN_OBJC_LITERAL_CONVERSION = YES;
				CLANG_WARN_OBJC_ROOT_CLASS = YES_ERROR;
				CLANG_WARN_RANGE_LOOP_ANALYSIS = YES;
				CLANG_WARN_STRICT_PROTOTYPES = YES;
				CLANG_WARN_SUSPICIOUS_MOVE = YES;
				CLANG_WARN_UNGUARDED_AVAILABILITY = YES_AGGRESSIVE;
				CLANG_WARN_UNREACHABLE_CODE = YES;
				CLANG_WARN__DUPLICATE_METHOD_MATCH = YES;
				CODE_SIGN_IDENTITY = "iPhone Developer";
				COPY_PHASE_STRIP = NO;
				DEBUG_INFORMATION_FORMAT = "dwarf-with-dsym";
				ENABLE_NS_ASSERTIONS = NO;
				ENABLE_STRICT_OBJC_MSGSEND = YES;
				GCC_C_LANGUAGE_STANDARD = gnu11;
				GCC_NO_COMMON_BLOCKS = YES;
				GCC_WARN_64_TO_32_BIT_CONVERSION = YES;
				GCC_WARN_ABOUT_RETURN_TYPE = YES_ERROR;
				GCC_WARN_UNDECLARED_SELECTOR = YES;
				GCC_WARN_UNINITIALIZED_AUTOS = YES_AGGRESSIVE;
				GCC_WARN_UNUSED_FUNCTION = YES;
				GCC_WARN_UNUSED_VARIABLE = YES;
				IPHONEOS_DEPLOYMENT_TARGET = 12.1;
				MTL_ENABLE_DEBUG_INFO = NO;
				MTL_FAST_MATH = YES;
				SDKROOT = iphoneos;
				SWIFT_COMPILATION_MODE = wholemodule;
				SWIFT_OPTIMIZATION_LEVEL = "-O";
				VALIDATE_PRODUCT = YES;
			};
			name = Release;
		};
		B9AE9E9F21FF7ECB0007C48E /* Debug */ = {
			isa = XCBuildConfiguration;
			buildSettings = {
				ASSETCATALOG_COMPILER_APPICON_NAME = AppIcon;
				CODE_SIGN_STYLE = Automatic;
				DEVELOPMENT_TEAM = 2CAFQY4SH8;
				INFOPLIST_FILE = AnotherVKApp/Info.plist;
				IPHONEOS_DEPLOYMENT_TARGET = 12.2;
				LD_RUNPATH_SEARCH_PATHS = (
					"$(inherited)",
					"@executable_path/Frameworks",
				);
				PRODUCT_BUNDLE_IDENTIFIER = new.AnotherVKApp;
				PRODUCT_NAME = "$(TARGET_NAME)";
				SWIFT_VERSION = 5.0;
				TARGETED_DEVICE_FAMILY = "1,2";
			};
			name = Debug;
		};
		B9AE9EA021FF7ECB0007C48E /* Release */ = {
			isa = XCBuildConfiguration;
			buildSettings = {
				ASSETCATALOG_COMPILER_APPICON_NAME = AppIcon;
				CODE_SIGN_STYLE = Automatic;
				DEVELOPMENT_TEAM = 2CAFQY4SH8;
				INFOPLIST_FILE = AnotherVKApp/Info.plist;
				IPHONEOS_DEPLOYMENT_TARGET = 12.2;
				LD_RUNPATH_SEARCH_PATHS = (
					"$(inherited)",
					"@executable_path/Frameworks",
				);
				PRODUCT_BUNDLE_IDENTIFIER = new.AnotherVKApp;
				PRODUCT_NAME = "$(TARGET_NAME)";
				SWIFT_VERSION = 5.0;
				TARGETED_DEVICE_FAMILY = "1,2";
			};
			name = Release;
		};
/* End XCBuildConfiguration section */

/* Begin XCConfigurationList section */
		B9AE9E8721FF7ECA0007C48E /* Build configuration list for PBXProject "AnotherVKApp" */ = {
			isa = XCConfigurationList;
			buildConfigurations = (
				B9AE9E9C21FF7ECB0007C48E /* Debug */,
				B9AE9E9D21FF7ECB0007C48E /* Release */,
			);
			defaultConfigurationIsVisible = 0;
			defaultConfigurationName = Release;
		};
		B9AE9E9E21FF7ECB0007C48E /* Build configuration list for PBXNativeTarget "AnotherVKApp" */ = {
			isa = XCConfigurationList;
			buildConfigurations = (
				B9AE9E9F21FF7ECB0007C48E /* Debug */,
				B9AE9EA021FF7ECB0007C48E /* Release */,
			);
			defaultConfigurationIsVisible = 0;
			defaultConfigurationName = Release;
		};
/* End XCConfigurationList section */
	};
	rootObject = B9AE9E8421FF7ECA0007C48E /* Project object */;
}
